PODS:
  - flutter_faro (0.0.1):
    - FlutterMacOS
  - FlutterMacOS (1.0.0)

DEPENDENCIES:
  - flutter_faro (from `Flutter/ephemeral/.symlinks/plugins/flutter_faro/macos`)
  - FlutterMacOS (from `Flutter/ephemeral`)

EXTERNAL SOURCES:
  flutter_faro:
    :path: Flutter/ephemeral/.symlinks/plugins/flutter_faro/macos
  FlutterMacOS:
    :path: Flutter/ephemeral

SPEC CHECKSUMS:
  flutter_faro: 4ce508016c51a4766628a2cfe26a974f303dfe48
  FlutterMacOS: 8f6f14fa908a6fb3fba0cd85dbd81ec4b251fb24

PODFILE CHECKSUM: 236401fc2c932af29a9fcf0e97baeeb2d750d367

COCOAPODS: 1.12.1
